// !$*UTF8*$!
{
	archiveVersion = 1;
	classes = {
	};
	objectVersion = 55;
	objects = {

/* Begin PBXBuildFile section */
		B5A2C065298C53B600BF8874 /* DetailTableViewCell.swift in Sources */ = {isa = PBXBuildFile; fileRef = B5A2C064298C53B600BF8874 /* DetailTableViewCell.swift */; };
		B5C17974298B98B8001126FC /* FilmModel.swift in Sources */ = {isa = PBXBuildFile; fileRef = B5C17973298B98B8001126FC /* FilmModel.swift */; };
		B5C17976298BD830001126FC /* ScreenModel.swift in Sources */ = {isa = PBXBuildFile; fileRef = B5C17975298BD830001126FC /* ScreenModel.swift */; };
		B5C17978298C12E4001126FC /* StarshipsModel.swift in Sources */ = {isa = PBXBuildFile; fileRef = B5C17977298C12E4001126FC /* StarshipsModel.swift */; };
		B5C9A2262986B85A00A859AF /* AppDelegate.swift in Sources */ = {isa = PBXBuildFile; fileRef = B5C9A2252986B85A00A859AF /* AppDelegate.swift */; };
		B5C9A2282986B85A00A859AF /* SceneDelegate.swift in Sources */ = {isa = PBXBuildFile; fileRef = B5C9A2272986B85A00A859AF /* SceneDelegate.swift */; };
		B5C9A22A2986B85A00A859AF /* ReadyPageViewController.swift in Sources */ = {isa = PBXBuildFile; fileRef = B5C9A2292986B85A00A859AF /* ReadyPageViewController.swift */; };
		B5C9A22F2986B85B00A859AF /* Assets.xcassets in Resources */ = {isa = PBXBuildFile; fileRef = B5C9A22E2986B85B00A859AF /* Assets.xcassets */; };
		B5C9A2322986B85B00A859AF /* LaunchScreen.storyboard in Resources */ = {isa = PBXBuildFile; fileRef = B5C9A2302986B85B00A859AF /* LaunchScreen.storyboard */; };
		B5C9A23A298700D500A859AF /* MainScreenViewController.swift in Sources */ = {isa = PBXBuildFile; fileRef = B5C9A239298700D500A859AF /* MainScreenViewController.swift */; };
		B5C9A240298710C300A859AF /* FilmSummaryModel.swift in Sources */ = {isa = PBXBuildFile; fileRef = B5C9A23F298710C300A859AF /* FilmSummaryModel.swift */; };
		B5C9A2422987122700A859AF /* MainScreenCollectionViewCell.swift in Sources */ = {isa = PBXBuildFile; fileRef = B5C9A2412987122700A859AF /* MainScreenCollectionViewCell.swift */; };
		B5D8A4D4298848B9003FCE80 /* Pods_StarWars.framework in Frameworks */ = {isa = PBXBuildFile; fileRef = 9D7FFCF5B3D5E2FFEA2BF9ED /* Pods_StarWars.framework */; };
		B5D8A4D5298848B9003FCE80 /* Pods_StarWars.framework in Embed Frameworks */ = {isa = PBXBuildFile; fileRef = 9D7FFCF5B3D5E2FFEA2BF9ED /* Pods_StarWars.framework */; settings = {ATTRIBUTES = (CodeSignOnCopy, RemoveHeadersOnCopy, ); }; };
		B5D8A4D8298865B0003FCE80 /* NetworkMonitor.swift in Sources */ = {isa = PBXBuildFile; fileRef = B5D8A4D7298865AF003FCE80 /* NetworkMonitor.swift */; };
		B5D8A4DA29886713003FCE80 /* Extension UIVIewController.swift in Sources */ = {isa = PBXBuildFile; fileRef = B5D8A4D929886713003FCE80 /* Extension UIVIewController.swift */; };
		B5D8A4E22989A474003FCE80 /* NetworkManager.swift in Sources */ = {isa = PBXBuildFile; fileRef = B5D8A4E12989A473003FCE80 /* NetworkManager.swift */; };
		B5D8A4E42989A603003FCE80 /* Category.swift in Sources */ = {isa = PBXBuildFile; fileRef = B5D8A4E32989A603003FCE80 /* Category.swift */; };
		B5D8A4E62989A7F5003FCE80 /* CategoryViewController.swift in Sources */ = {isa = PBXBuildFile; fileRef = B5D8A4E52989A7F5003FCE80 /* CategoryViewController.swift */; };
		B5D8A4E82989B0DC003FCE80 /* CategoryCollectionViewCell.swift in Sources */ = {isa = PBXBuildFile; fileRef = B5D8A4E72989B0DC003FCE80 /* CategoryCollectionViewCell.swift */; };
		B5D8A4EA2989BE0B003FCE80 /* DetailViewController.swift in Sources */ = {isa = PBXBuildFile; fileRef = B5D8A4E92989BE0B003FCE80 /* DetailViewController.swift */; };
/* End PBXBuildFile section */

/* Begin PBXCopyFilesBuildPhase section */
		B5D8A4D6298848B9003FCE80 /* Embed Frameworks */ = {
			isa = PBXCopyFilesBuildPhase;
			buildActionMask = 2147483647;
			dstPath = "";
			dstSubfolderSpec = 10;
			files = (
				B5D8A4D5298848B9003FCE80 /* Pods_StarWars.framework in Embed Frameworks */,
			);
			name = "Embed Frameworks";
			runOnlyForDeploymentPostprocessing = 0;
		};
/* End PBXCopyFilesBuildPhase section */

/* Begin PBXFileReference section */
		5189269E14D33C2E2F379B91 /* Pods-StarWars.debug.xcconfig */ = {isa = PBXFileReference; includeInIndex = 1; lastKnownFileType = text.xcconfig; name = "Pods-StarWars.debug.xcconfig"; path = "Target Support Files/Pods-StarWars/Pods-StarWars.debug.xcconfig"; sourceTree = "<group>"; };
		7AB049DFF7BF6B3887461B24 /* Pods-StarWars.release.xcconfig */ = {isa = PBXFileReference; includeInIndex = 1; lastKnownFileType = text.xcconfig; name = "Pods-StarWars.release.xcconfig"; path = "Target Support Files/Pods-StarWars/Pods-StarWars.release.xcconfig"; sourceTree = "<group>"; };
		9D7FFCF5B3D5E2FFEA2BF9ED /* Pods_StarWars.framework */ = {isa = PBXFileReference; explicitFileType = wrapper.framework; includeInIndex = 0; path = Pods_StarWars.framework; sourceTree = BUILT_PRODUCTS_DIR; };
		B5A2C064298C53B600BF8874 /* DetailTableViewCell.swift */ = {isa = PBXFileReference; lastKnownFileType = sourcecode.swift; path = DetailTableViewCell.swift; sourceTree = "<group>"; };
		B5C17973298B98B8001126FC /* FilmModel.swift */ = {isa = PBXFileReference; lastKnownFileType = sourcecode.swift; path = FilmModel.swift; sourceTree = "<group>"; };
		B5C17975298BD830001126FC /* ScreenModel.swift */ = {isa = PBXFileReference; lastKnownFileType = sourcecode.swift; path = ScreenModel.swift; sourceTree = "<group>"; };
		B5C17977298C12E4001126FC /* StarshipsModel.swift */ = {isa = PBXFileReference; lastKnownFileType = sourcecode.swift; path = StarshipsModel.swift; sourceTree = "<group>"; };
		B5C9A2222986B85A00A859AF /* StarWars.app */ = {isa = PBXFileReference; explicitFileType = wrapper.application; includeInIndex = 0; path = StarWars.app; sourceTree = BUILT_PRODUCTS_DIR; };
		B5C9A2252986B85A00A859AF /* AppDelegate.swift */ = {isa = PBXFileReference; lastKnownFileType = sourcecode.swift; path = AppDelegate.swift; sourceTree = "<group>"; };
		B5C9A2272986B85A00A859AF /* SceneDelegate.swift */ = {isa = PBXFileReference; lastKnownFileType = sourcecode.swift; path = SceneDelegate.swift; sourceTree = "<group>"; };
		B5C9A2292986B85A00A859AF /* ReadyPageViewController.swift */ = {isa = PBXFileReference; lastKnownFileType = sourcecode.swift; path = ReadyPageViewController.swift; sourceTree = "<group>"; };
		B5C9A22E2986B85B00A859AF /* Assets.xcassets */ = {isa = PBXFileReference; lastKnownFileType = folder.assetcatalog; path = Assets.xcassets; sourceTree = "<group>"; };
		B5C9A2312986B85B00A859AF /* Base */ = {isa = PBXFileReference; lastKnownFileType = file.storyboard; name = Base; path = Base.lproj/LaunchScreen.storyboard; sourceTree = "<group>"; };
		B5C9A2332986B85B00A859AF /* Info.plist */ = {isa = PBXFileReference; lastKnownFileType = text.plist.xml; path = Info.plist; sourceTree = "<group>"; };
		B5C9A239298700D500A859AF /* MainScreenViewController.swift */ = {isa = PBXFileReference; lastKnownFileType = sourcecode.swift; path = MainScreenViewController.swift; sourceTree = "<group>"; };
		B5C9A23F298710C300A859AF /* FilmSummaryModel.swift */ = {isa = PBXFileReference; lastKnownFileType = sourcecode.swift; path = FilmSummaryModel.swift; sourceTree = "<group>"; };
		B5C9A2412987122700A859AF /* MainScreenCollectionViewCell.swift */ = {isa = PBXFileReference; lastKnownFileType = sourcecode.swift; path = MainScreenCollectionViewCell.swift; sourceTree = "<group>"; };
		B5C9A244298840ED00A859AF /* SnapKit.framework */ = {isa = PBXFileReference; lastKnownFileType = wrapper.framework; name = SnapKit.framework; path = Carthage/Build/iOS/SnapKit.framework; sourceTree = "<group>"; };
		B5D8A4D7298865AF003FCE80 /* NetworkMonitor.swift */ = {isa = PBXFileReference; lastKnownFileType = sourcecode.swift; path = NetworkMonitor.swift; sourceTree = "<group>"; };
		B5D8A4D929886713003FCE80 /* Extension UIVIewController.swift */ = {isa = PBXFileReference; lastKnownFileType = sourcecode.swift; path = "Extension UIVIewController.swift"; sourceTree = "<group>"; };
		B5D8A4E12989A473003FCE80 /* NetworkManager.swift */ = {isa = PBXFileReference; lastKnownFileType = sourcecode.swift; path = NetworkManager.swift; sourceTree = "<group>"; };
		B5D8A4E32989A603003FCE80 /* Category.swift */ = {isa = PBXFileReference; lastKnownFileType = sourcecode.swift; path = Category.swift; sourceTree = "<group>"; };
		B5D8A4E52989A7F5003FCE80 /* CategoryViewController.swift */ = {isa = PBXFileReference; lastKnownFileType = sourcecode.swift; path = CategoryViewController.swift; sourceTree = "<group>"; };
		B5D8A4E72989B0DC003FCE80 /* CategoryCollectionViewCell.swift */ = {isa = PBXFileReference; lastKnownFileType = sourcecode.swift; path = CategoryCollectionViewCell.swift; sourceTree = "<group>"; };
		B5D8A4E92989BE0B003FCE80 /* DetailViewController.swift */ = {isa = PBXFileReference; lastKnownFileType = sourcecode.swift; path = DetailViewController.swift; sourceTree = "<group>"; };
/* End PBXFileReference section */

/* Begin PBXFrameworksBuildPhase section */
		B5C9A21F2986B85A00A859AF /* Frameworks */ = {
			isa = PBXFrameworksBuildPhase;
			buildActionMask = 2147483647;
			files = (
				B5D8A4D4298848B9003FCE80 /* Pods_StarWars.framework in Frameworks */,
			);
			runOnlyForDeploymentPostprocessing = 0;
		};
/* End PBXFrameworksBuildPhase section */

/* Begin PBXGroup section */
		B5C17979298C23B2001126FC /* Models */ = {
			isa = PBXGroup;
			children = (
				B5D8A4E32989A603003FCE80 /* Category.swift */,
				B5C17975298BD830001126FC /* ScreenModel.swift */,
				B5C9A23F298710C300A859AF /* FilmSummaryModel.swift */,
				B5C17973298B98B8001126FC /* FilmModel.swift */,
				B5C17977298C12E4001126FC /* StarshipsModel.swift */,
			);
			path = Models;
			sourceTree = "<group>";
		};
		B5C9A2192986B85A00A859AF = {
			isa = PBXGroup;
			children = (
				B5C9A2242986B85A00A859AF /* StarWars */,
				B5C9A2232986B85A00A859AF /* Products */,
				B5C9A243298840ED00A859AF /* Frameworks */,
				C9CC9A2D5EE174D1E4B9CABD /* Pods */,
			);
			sourceTree = "<group>";
		};
		B5C9A2232986B85A00A859AF /* Products */ = {
			isa = PBXGroup;
			children = (
				B5C9A2222986B85A00A859AF /* StarWars.app */,
			);
			name = Products;
			sourceTree = "<group>";
		};
		B5C9A2242986B85A00A859AF /* StarWars */ = {
			isa = PBXGroup;
			children = (
				B5C17979298C23B2001126FC /* Models */,
				B5C9A23D2987105F00A859AF /* ReadyScreen */,
				B5C9A23E2987107400A859AF /* MainScreen */,
				B5D8A4DC29886A5E003FCE80 /* CategoryScreen */,
				B5D8A4DD29886A77003FCE80 /* DetailScreen */,
				B5D8A4DE29886A9A003FCE80 /* Network */,
				B5C9A22E2986B85B00A859AF /* Assets.xcassets */,
				B5C9A2302986B85B00A859AF /* LaunchScreen.storyboard */,
				B5C9A2252986B85A00A859AF /* AppDelegate.swift */,
				B5C9A2272986B85A00A859AF /* SceneDelegate.swift */,
				B5C9A2332986B85B00A859AF /* Info.plist */,
			);
			path = StarWars;
			sourceTree = "<group>";
		};
		B5C9A23D2987105F00A859AF /* ReadyScreen */ = {
			isa = PBXGroup;
			children = (
				B5C9A2292986B85A00A859AF /* ReadyPageViewController.swift */,
			);
			path = ReadyScreen;
			sourceTree = "<group>";
		};
		B5C9A23E2987107400A859AF /* MainScreen */ = {
			isa = PBXGroup;
			children = (
				B5C9A239298700D500A859AF /* MainScreenViewController.swift */,
				B5C9A2412987122700A859AF /* MainScreenCollectionViewCell.swift */,
			);
			path = MainScreen;
			sourceTree = "<group>";
		};
		B5C9A243298840ED00A859AF /* Frameworks */ = {
			isa = PBXGroup;
			children = (
				B5C9A244298840ED00A859AF /* SnapKit.framework */,
				9D7FFCF5B3D5E2FFEA2BF9ED /* Pods_StarWars.framework */,
			);
			name = Frameworks;
			sourceTree = "<group>";
		};
		B5D8A4DC29886A5E003FCE80 /* CategoryScreen */ = {
			isa = PBXGroup;
			children = (
				B5D8A4E52989A7F5003FCE80 /* CategoryViewController.swift */,
				B5D8A4E72989B0DC003FCE80 /* CategoryCollectionViewCell.swift */,
			);
			path = CategoryScreen;
			sourceTree = "<group>";
		};
		B5D8A4DD29886A77003FCE80 /* DetailScreen */ = {
			isa = PBXGroup;
			children = (
				B5D8A4E92989BE0B003FCE80 /* DetailViewController.swift */,
				B5A2C064298C53B600BF8874 /* DetailTableViewCell.swift */,
			);
			path = DetailScreen;
			sourceTree = "<group>";
		};
		B5D8A4DE29886A9A003FCE80 /* Network */ = {
			isa = PBXGroup;
			children = (
				B5D8A4D929886713003FCE80 /* Extension UIVIewController.swift */,
				B5D8A4E12989A473003FCE80 /* NetworkManager.swift */,
				B5D8A4D7298865AF003FCE80 /* NetworkMonitor.swift */,
			);
			path = Network;
			sourceTree = "<group>";
		};
		C9CC9A2D5EE174D1E4B9CABD /* Pods */ = {
			isa = PBXGroup;
			children = (
				5189269E14D33C2E2F379B91 /* Pods-StarWars.debug.xcconfig */,
				7AB049DFF7BF6B3887461B24 /* Pods-StarWars.release.xcconfig */,
			);
			path = Pods;
			sourceTree = "<group>";
		};
/* End PBXGroup section */

/* Begin PBXNativeTarget section */
		B5C9A2212986B85A00A859AF /* StarWars */ = {
			isa = PBXNativeTarget;
			buildConfigurationList = B5C9A2362986B85B00A859AF /* Build configuration list for PBXNativeTarget "StarWars" */;
			buildPhases = (
				833E141170F5E05B3A1FF71C /* [CP] Check Pods Manifest.lock */,
				B5C9A21E2986B85A00A859AF /* Sources */,
				B5C9A21F2986B85A00A859AF /* Frameworks */,
				B5C9A2202986B85A00A859AF /* Resources */,
				BDBE1591CE8CEF091264E12C /* [CP] Embed Pods Frameworks */,
				B5D8A4D6298848B9003FCE80 /* Embed Frameworks */,
				B5CB00A0298B01020006D629 /* ShellScript */,
			);
			buildRules = (
			);
			dependencies = (
			);
			name = StarWars;
			productName = StarWars;
			productReference = B5C9A2222986B85A00A859AF /* StarWars.app */;
			productType = "com.apple.product-type.application";
		};
/* End PBXNativeTarget section */

/* Begin PBXProject section */
		B5C9A21A2986B85A00A859AF /* Project object */ = {
			isa = PBXProject;
			attributes = {
				BuildIndependentTargetsInParallel = 1;
				LastSwiftUpdateCheck = 1340;
				LastUpgradeCheck = 1340;
				TargetAttributes = {
					B5C9A2212986B85A00A859AF = {
						CreatedOnToolsVersion = 13.4.1;
					};
				};
			};
			buildConfigurationList = B5C9A21D2986B85A00A859AF /* Build configuration list for PBXProject "StarWars" */;
			compatibilityVersion = "Xcode 13.0";
			developmentRegion = en;
			hasScannedForEncodings = 0;
			knownRegions = (
				en,
				Base,
			);
			mainGroup = B5C9A2192986B85A00A859AF;
			productRefGroup = B5C9A2232986B85A00A859AF /* Products */;
			projectDirPath = "";
			projectRoot = "";
			targets = (
				B5C9A2212986B85A00A859AF /* StarWars */,
			);
		};
/* End PBXProject section */

/* Begin PBXResourcesBuildPhase section */
		B5C9A2202986B85A00A859AF /* Resources */ = {
			isa = PBXResourcesBuildPhase;
			buildActionMask = 2147483647;
			files = (
				B5C9A2322986B85B00A859AF /* LaunchScreen.storyboard in Resources */,
				B5C9A22F2986B85B00A859AF /* Assets.xcassets in Resources */,
			);
			runOnlyForDeploymentPostprocessing = 0;
		};
/* End PBXResourcesBuildPhase section */

/* Begin PBXShellScriptBuildPhase section */
		833E141170F5E05B3A1FF71C /* [CP] Check Pods Manifest.lock */ = {
			isa = PBXShellScriptBuildPhase;
			buildActionMask = 2147483647;
			files = (
			);
			inputFileListPaths = (
			);
			inputPaths = (
				"${PODS_PODFILE_DIR_PATH}/Podfile.lock",
				"${PODS_ROOT}/Manifest.lock",
			);
			name = "[CP] Check Pods Manifest.lock";
			outputFileListPaths = (
			);
			outputPaths = (
				"$(DERIVED_FILE_DIR)/Pods-StarWars-checkManifestLockResult.txt",
			);
			runOnlyForDeploymentPostprocessing = 0;
			shellPath = /bin/sh;
			shellScript = "diff \"${PODS_PODFILE_DIR_PATH}/Podfile.lock\" \"${PODS_ROOT}/Manifest.lock\" > /dev/null\nif [ $? != 0 ] ; then\n    # print error to STDERR\n    echo \"error: The sandbox is not in sync with the Podfile.lock. Run 'pod install' or update your CocoaPods installation.\" >&2\n    exit 1\nfi\n# This output is used by Xcode 'outputs' to avoid re-running this script phase.\necho \"SUCCESS\" > \"${SCRIPT_OUTPUT_FILE_0}\"\n";
			showEnvVarsInLog = 0;
		};
		B5CB00A0298B01020006D629 /* ShellScript */ = {
			isa = PBXShellScriptBuildPhase;
			buildActionMask = 2147483647;
			files = (
			);
			inputFileListPaths = (
			);
			inputPaths = (
			);
			outputFileListPaths = (
			);
			outputPaths = (
			);
			runOnlyForDeploymentPostprocessing = 0;
			shellPath = /bin/sh;
			shellScript = "# Type a script or drag a script file from your workspace to insert its path.\n\n";
		};
		BDBE1591CE8CEF091264E12C /* [CP] Embed Pods Frameworks */ = {
			isa = PBXShellScriptBuildPhase;
			buildActionMask = 2147483647;
			files = (
			);
			inputFileListPaths = (
				"${PODS_ROOT}/Target Support Files/Pods-StarWars/Pods-StarWars-frameworks-${CONFIGURATION}-input-files.xcfilelist",
			);
			name = "[CP] Embed Pods Frameworks";
			outputFileListPaths = (
				"${PODS_ROOT}/Target Support Files/Pods-StarWars/Pods-StarWars-frameworks-${CONFIGURATION}-output-files.xcfilelist",
			);
			runOnlyForDeploymentPostprocessing = 0;
			shellPath = /bin/sh;
			shellScript = "\"${PODS_ROOT}/Target Support Files/Pods-StarWars/Pods-StarWars-frameworks.sh\"\n";
			showEnvVarsInLog = 0;
		};
/* End PBXShellScriptBuildPhase section */

/* Begin PBXSourcesBuildPhase section */
		B5C9A21E2986B85A00A859AF /* Sources */ = {
			isa = PBXSourcesBuildPhase;
			buildActionMask = 2147483647;
			files = (
				B5C9A22A2986B85A00A859AF /* ReadyPageViewController.swift in Sources */,
				B5A2C065298C53B600BF8874 /* DetailTableViewCell.swift in Sources */,
				B5C9A23A298700D500A859AF /* MainScreenViewController.swift in Sources */,
				B5D8A4DA29886713003FCE80 /* Extension UIVIewController.swift in Sources */,
				B5C9A240298710C300A859AF /* FilmSummaryModel.swift in Sources */,
				B5C17978298C12E4001126FC /* StarshipsModel.swift in Sources */,
				B5C9A2422987122700A859AF /* MainScreenCollectionViewCell.swift in Sources */,
				B5D8A4E22989A474003FCE80 /* NetworkManager.swift in Sources */,
				B5C17974298B98B8001126FC /* FilmModel.swift in Sources */,
				B5D8A4E62989A7F5003FCE80 /* CategoryViewController.swift in Sources */,
				B5C9A2262986B85A00A859AF /* AppDelegate.swift in Sources */,
				B5D8A4E82989B0DC003FCE80 /* CategoryCollectionViewCell.swift in Sources */,
				B5C9A2282986B85A00A859AF /* SceneDelegate.swift in Sources */,
				B5D8A4D8298865B0003FCE80 /* NetworkMonitor.swift in Sources */,
				B5C17976298BD830001126FC /* ScreenModel.swift in Sources */,
				B5D8A4E42989A603003FCE80 /* Category.swift in Sources */,
				B5D8A4EA2989BE0B003FCE80 /* DetailViewController.swift in Sources */,
			);
			runOnlyForDeploymentPostprocessing = 0;
		};
/* End PBXSourcesBuildPhase section */

/* Begin PBXVariantGroup section */
		B5C9A2302986B85B00A859AF /* LaunchScreen.storyboard */ = {
			isa = PBXVariantGroup;
			children = (
				B5C9A2312986B85B00A859AF /* Base */,
			);
			name = LaunchScreen.storyboard;
			sourceTree = "<group>";
		};
/* End PBXVariantGroup section */

/* Begin XCBuildConfiguration section */
		B5C9A2342986B85B00A859AF /* Debug */ = {
			isa = XCBuildConfiguration;
			buildSettings = {
				ALWAYS_SEARCH_USER_PATHS = NO;
				CLANG_ANALYZER_NONNULL = YES;
				CLANG_ANALYZER_NUMBER_OBJECT_CONVERSION = YES_AGGRESSIVE;
				CLANG_CXX_LANGUAGE_STANDARD = "gnu++17";
				CLANG_ENABLE_MODULES = YES;
				CLANG_ENABLE_OBJC_ARC = YES;
				CLANG_ENABLE_OBJC_WEAK = YES;
				CLANG_WARN_BLOCK_CAPTURE_AUTORELEASING = YES;
				CLANG_WARN_BOOL_CONVERSION = YES;
				CLANG_WARN_COMMA = YES;
				CLANG_WARN_CONSTANT_CONVERSION = YES;
				CLANG_WARN_DEPRECATED_OBJC_IMPLEMENTATIONS = YES;
				CLANG_WARN_DIRECT_OBJC_ISA_USAGE = YES_ERROR;
				CLANG_WARN_DOCUMENTATION_COMMENTS = YES;
				CLANG_WARN_EMPTY_BODY = YES;
				CLANG_WARN_ENUM_CONVERSION = YES;
				CLANG_WARN_INFINITE_RECURSION = YES;
				CLANG_WARN_INT_CONVERSION = YES;
				CLANG_WARN_NON_LITERAL_NULL_CONVERSION = YES;
				CLANG_WARN_OBJC_IMPLICIT_RETAIN_SELF = YES;
				CLANG_WARN_OBJC_LITERAL_CONVERSION = YES;
				CLANG_WARN_OBJC_ROOT_CLASS = YES_ERROR;
				CLANG_WARN_QUOTED_INCLUDE_IN_FRAMEWORK_HEADER = YES;
				CLANG_WARN_RANGE_LOOP_ANALYSIS = YES;
				CLANG_WARN_STRICT_PROTOTYPES = YES;
				CLANG_WARN_SUSPICIOUS_MOVE = YES;
				CLANG_WARN_UNGUARDED_AVAILABILITY = YES_AGGRESSIVE;
				CLANG_WARN_UNREACHABLE_CODE = YES;
				CLANG_WARN__DUPLICATE_METHOD_MATCH = YES;
				COPY_PHASE_STRIP = NO;
				DEBUG_INFORMATION_FORMAT = dwarf;
				ENABLE_STRICT_OBJC_MSGSEND = YES;
				ENABLE_TESTABILITY = YES;
				GCC_C_LANGUAGE_STANDARD = gnu11;
				GCC_DYNAMIC_NO_PIC = NO;
				GCC_NO_COMMON_BLOCKS = YES;
				GCC_OPTIMIZATION_LEVEL = 0;
				GCC_PREPROCESSOR_DEFINITIONS = (
					"DEBUG=1",
					"$(inherited)",
				);
				GCC_WARN_64_TO_32_BIT_CONVERSION = YES;
				GCC_WARN_ABOUT_RETURN_TYPE = YES_ERROR;
				GCC_WARN_UNDECLARED_SELECTOR = YES;
				GCC_WARN_UNINITIALIZED_AUTOS = YES_AGGRESSIVE;
				GCC_WARN_UNUSED_FUNCTION = YES;
				GCC_WARN_UNUSED_VARIABLE = YES;
				IPHONEOS_DEPLOYMENT_TARGET = 15.5;
				MTL_ENABLE_DEBUG_INFO = INCLUDE_SOURCE;
				MTL_FAST_MATH = YES;
				ONLY_ACTIVE_ARCH = YES;
				SDKROOT = iphoneos;
				SWIFT_ACTIVE_COMPILATION_CONDITIONS = DEBUG;
				SWIFT_OPTIMIZATION_LEVEL = "-Onone";
			};
			name = Debug;
		};
		B5C9A2352986B85B00A859AF /* Release */ = {
			isa = XCBuildConfiguration;
			buildSettings = {
				ALWAYS_SEARCH_USER_PATHS = NO;
				CLANG_ANALYZER_NONNULL = YES;
				CLANG_ANALYZER_NUMBER_OBJECT_CONVERSION = YES_AGGRESSIVE;
				CLANG_CXX_LANGUAGE_STANDARD = "gnu++17";
				CLANG_ENABLE_MODULES = YES;
				CLANG_ENABLE_OBJC_ARC = YES;
				CLANG_ENABLE_OBJC_WEAK = YES;
				CLANG_WARN_BLOCK_CAPTURE_AUTORELEASING = YES;
				CLANG_WARN_BOOL_CONVERSION = YES;
				CLANG_WARN_COMMA = YES;
				CLANG_WARN_CONSTANT_CONVERSION = YES;
				CLANG_WARN_DEPRECATED_OBJC_IMPLEMENTATIONS = YES;
				CLANG_WARN_DIRECT_OBJC_ISA_USAGE = YES_ERROR;
				CLANG_WARN_DOCUMENTATION_COMMENTS = YES;
				CLANG_WARN_EMPTY_BODY = YES;
				CLANG_WARN_ENUM_CONVERSION = YES;
				CLANG_WARN_INFINITE_RECURSION = YES;
				CLANG_WARN_INT_CONVERSION = YES;
				CLANG_WARN_NON_LITERAL_NULL_CONVERSION = YES;
				CLANG_WARN_OBJC_IMPLICIT_RETAIN_SELF = YES;
				CLANG_WARN_OBJC_LITERAL_CONVERSION = YES;
				CLANG_WARN_OBJC_ROOT_CLASS = YES_ERROR;
				CLANG_WARN_QUOTED_INCLUDE_IN_FRAMEWORK_HEADER = YES;
				CLANG_WARN_RANGE_LOOP_ANALYSIS = YES;
				CLANG_WARN_STRICT_PROTOTYPES = YES;
				CLANG_WARN_SUSPICIOUS_MOVE = YES;
				CLANG_WARN_UNGUARDED_AVAILABILITY = YES_AGGRESSIVE;
				CLANG_WARN_UNREACHABLE_CODE = YES;
				CLANG_WARN__DUPLICATE_METHOD_MATCH = YES;
				COPY_PHASE_STRIP = NO;
				DEBUG_INFORMATION_FORMAT = "dwarf-with-dsym";
				ENABLE_NS_ASSERTIONS = NO;
				ENABLE_STRICT_OBJC_MSGSEND = YES;
				GCC_C_LANGUAGE_STANDARD = gnu11;
				GCC_NO_COMMON_BLOCKS = YES;
				GCC_WARN_64_TO_32_BIT_CONVERSION = YES;
				GCC_WARN_ABOUT_RETURN_TYPE = YES_ERROR;
				GCC_WARN_UNDECLARED_SELECTOR = YES;
				GCC_WARN_UNINITIALIZED_AUTOS = YES_AGGRESSIVE;
				GCC_WARN_UNUSED_FUNCTION = YES;
				GCC_WARN_UNUSED_VARIABLE = YES;
				IPHONEOS_DEPLOYMENT_TARGET = 15.5;
				MTL_ENABLE_DEBUG_INFO = NO;
				MTL_FAST_MATH = YES;
				SDKROOT = iphoneos;
				SWIFT_COMPILATION_MODE = wholemodule;
				SWIFT_OPTIMIZATION_LEVEL = "-O";
				VALIDATE_PRODUCT = YES;
			};
			name = Release;
		};
		B5C9A2372986B85B00A859AF /* Debug */ = {
			isa = XCBuildConfiguration;
			baseConfigurationReference = 5189269E14D33C2E2F379B91 /* Pods-StarWars.debug.xcconfig */;
			buildSettings = {
				ASSETCATALOG_COMPILER_APPICON_NAME = AppIcon;
				ASSETCATALOG_COMPILER_GLOBAL_ACCENT_COLOR_NAME = AccentColor;
				CODE_SIGN_STYLE = Automatic;
				CURRENT_PROJECT_VERSION = 1;
				FRAMEWORK_SEARCH_PATHS = (
					"$(inherited)",
					"$(PROJECT_DIR)/Carthage/Build/iOS",
				);
				GENERATE_INFOPLIST_FILE = YES;
				INFOPLIST_FILE = StarWars/Info.plist;
				INFOPLIST_KEY_UIApplicationSupportsIndirectInputEvents = YES;
				INFOPLIST_KEY_UILaunchStoryboardName = LaunchScreen;
				INFOPLIST_KEY_UISupportedInterfaceOrientations = UIInterfaceOrientationPortrait;
				INFOPLIST_KEY_UISupportedInterfaceOrientations_iPad = "UIInterfaceOrientationPortrait UIInterfaceOrientationPortraitUpsideDown UIInterfaceOrientationLandscapeLeft UIInterfaceOrientationLandscapeRight";
				INFOPLIST_KEY_UISupportedInterfaceOrientations_iPhone = "UIInterfaceOrientationPortrait UIInterfaceOrientationLandscapeLeft UIInterfaceOrientationLandscapeRight";
				IPHONEOS_DEPLOYMENT_TARGET = 13.0;
				LD_RUNPATH_SEARCH_PATHS = (
					"$(inherited)",
					"@executable_path/Frameworks",
				);
				MARKETING_VERSION = 1.0;
				PRODUCT_BUNDLE_IDENTIFIER = "-.StarWars";
				PRODUCT_NAME = "$(TARGET_NAME)";
				SWIFT_EMIT_LOC_STRINGS = YES;
				SWIFT_VERSION = 5.0;
				TARGETED_DEVICE_FAMILY = 1;
			};
			name = Debug;
		};
		B5C9A2382986B85B00A859AF /* Release */ = {
			isa = XCBuildConfiguration;
			baseConfigurationReference = 7AB049DFF7BF6B3887461B24 /* Pods-StarWars.release.xcconfig */;
			buildSettings = {
				ASSETCATALOG_COMPILER_APPICON_NAME = AppIcon;
				ASSETCATALOG_COMPILER_GLOBAL_ACCENT_COLOR_NAME = AccentColor;
				CODE_SIGN_STYLE = Automatic;
				CURRENT_PROJECT_VERSION = 1;
				FRAMEWORK_SEARCH_PATHS = (
					"$(inherited)",
					"$(PROJECT_DIR)/Carthage/Build/iOS",
				);
				GENERATE_INFOPLIST_FILE = YES;
				INFOPLIST_FILE = StarWars/Info.plist;
				INFOPLIST_KEY_UIApplicationSupportsIndirectInputEvents = YES;
				INFOPLIST_KEY_UILaunchStoryboardName = LaunchScreen;
				INFOPLIST_KEY_UISupportedInterfaceOrientations = UIInterfaceOrientationPortrait;
				INFOPLIST_KEY_UISupportedInterfaceOrientations_iPad = "UIInterfaceOrientationPortrait UIInterfaceOrientationPortraitUpsideDown UIInterfaceOrientationLandscapeLeft UIInterfaceOrientationLandscapeRight";
				INFOPLIST_KEY_UISupportedInterfaceOrientations_iPhone = "UIInterfaceOrientationPortrait UIInterfaceOrientationLandscapeLeft UIInterfaceOrientationLandscapeRight";
				IPHONEOS_DEPLOYMENT_TARGET = 13.0;
				LD_RUNPATH_SEARCH_PATHS = (
					"$(inherited)",
					"@executable_path/Frameworks",
				);
				MARKETING_VERSION = 1.0;
				PRODUCT_BUNDLE_IDENTIFIER = "-.StarWars";
				PRODUCT_NAME = "$(TARGET_NAME)";
				SWIFT_EMIT_LOC_STRINGS = YES;
				SWIFT_VERSION = 5.0;
				TARGETED_DEVICE_FAMILY = 1;
			};
			name = Release;
		};
/* End XCBuildConfiguration section */

/* Begin XCConfigurationList section */
		B5C9A21D2986B85A00A859AF /* Build configuration list for PBXProject "StarWars" */ = {
			isa = XCConfigurationList;
			buildConfigurations = (
				B5C9A2342986B85B00A859AF /* Debug */,
				B5C9A2352986B85B00A859AF /* Release */,
			);
			defaultConfigurationIsVisible = 0;
			defaultConfigurationName = Release;
		};
		B5C9A2362986B85B00A859AF /* Build configuration list for PBXNativeTarget "StarWars" */ = {
			isa = XCConfigurationList;
			buildConfigurations = (
				B5C9A2372986B85B00A859AF /* Debug */,
				B5C9A2382986B85B00A859AF /* Release */,
			);
			defaultConfigurationIsVisible = 0;
			defaultConfigurationName = Release;
		};
/* End XCConfigurationList section */
	};
	rootObject = B5C9A21A2986B85A00A859AF /* Project object */;
}
